{
  "name": "canvas",
  "version": "1.0.0",
  "lockfileVersion": 1,
  "dependencies": {
    "es6": {
      "version": "0.0.7",
      "resolved": "https://registry.npmjs.org/es6/-/es6-0.0.7.tgz",
      "integrity": "sha1-OyhRr+6mDbFs9WnVYGbaoPOXRnY="
    },
    "plumin.js": {
      "version": "1.10.7",
      "resolved": "https://registry.npmjs.org/plumin.js/-/plumin.js-1.10.7.tgz",
      "integrity": "sha1-20XTWGiJAdgqN71a34btcvc2iJg="
    }
  }
}
